
Microsoft Visual Studio Solution File, Format Version 12.00
# Visual Studio Version 16
VisualStudioVersion = 16.0.31515.178
MinimumVisualStudioVersion = 10.0.40219.1
Project("{FAE04EC0-301F-11D3-BF4B-00C04F79EFBC}") = "PillowFight.Api", "PillowFight.Api\PillowFight.Api.csproj", "{B264FB0B-D88A-45D7-8DCB-182CF1C25B5D}"
EndProject
Project("{FAE04EC0-301F-11D3-BF4B-00C04F79EFBC}") = "PillowFight.Repositories", "PillowFight.Repositories\PillowFight.Repositories.csproj", "{33B68FFD-5978-4719-BFD1-656970A7C8B7}"
EndProject
Project("{FAE04EC0-301F-11D3-BF4B-00C04F79EFBC}") = "PillowFight.App", "PillowFight.App\PillowFight.App.csproj", "{B9C87181-7061-44A4-892D-CA5B2A72BB6D}"
EndProject
Global
	GlobalSection(SolutionConfigurationPlatforms) = preSolution
		Debug|Any CPU = Debug|Any CPU
		Release|Any CPU = Release|Any CPU
	EndGlobalSection
	GlobalSection(ProjectConfigurationPlatforms) = postSolution
		{B264FB0B-D88A-45D7-8DCB-182CF1C25B5D}.Debug|Any CPU.ActiveCfg = Debug|Any CPU
		{B264FB0B-D88A-45D7-8DCB-182CF1C25B5D}.Debug|Any CPU.Build.0 = Debug|Any CPU
		{B264FB0B-D88A-45D7-8DCB-182CF1C25B5D}.Release|Any CPU.ActiveCfg = Release|Any CPU
		{B264FB0B-D88A-45D7-8DCB-182CF1C25B5D}.Release|Any CPU.Build.0 = Release|Any CPU
		{33B68FFD-5978-4719-BFD1-656970A7C8B7}.Debug|Any CPU.ActiveCfg = Debug|Any CPU
		{33B68FFD-5978-4719-BFD1-656970A7C8B7}.Debug|Any CPU.Build.0 = Debug|Any CPU
		{33B68FFD-5978-4719-BFD1-656970A7C8B7}.Release|Any CPU.ActiveCfg = Release|Any CPU
		{33B68FFD-5978-4719-BFD1-656970A7C8B7}.Release|Any CPU.Build.0 = Release|Any CPU
		{B9C87181-7061-44A4-892D-CA5B2A72BB6D}.Debug|Any CPU.ActiveCfg = Debug|Any CPU
		{B9C87181-7061-44A4-892D-CA5B2A72BB6D}.Debug|Any CPU.Build.0 = Debug|Any CPU
		{B9C87181-7061-44A4-892D-CA5B2A72BB6D}.Release|Any CPU.ActiveCfg = Release|Any CPU
		{B9C87181-7061-44A4-892D-CA5B2A72BB6D}.Release|Any CPU.Build.0 = Release|Any CPU
	EndGlobalSection
	GlobalSection(SolutionProperties) = preSolution
		HideSolutionNode = FALSE
	EndGlobalSection
	GlobalSection(ExtensibilityGlobals) = postSolution
		SolutionGuid = {7E73E98E-6345-46F9-B7F6-C3BD1FC5C8D0}
	EndGlobalSection
EndGlobal
